// !$*UTF8*$!
{
	archiveVersion = 1;
	classes = {
	};
	objectVersion = 56;
	objects = {

/* Begin PBXBuildFile section */
		FFD84E6529A2383500B6AC21 /* InventoryApp.swift in Sources */ = {isa = PBXBuildFile; fileRef = FFD84E6429A2383500B6AC21 /* InventoryApp.swift */; };
		FFD84E6729A2383500B6AC21 /* ContentView.swift in Sources */ = {isa = PBXBuildFile; fileRef = FFD84E6629A2383500B6AC21 /* ContentView.swift */; };
		FFD84E6929A2383600B6AC21 /* Assets.xcassets in Resources */ = {isa = PBXBuildFile; fileRef = FFD84E6829A2383600B6AC21 /* Assets.xcassets */; };
		FFD84E6C29A2383600B6AC21 /* Preview Assets.xcassets in Resources */ = {isa = PBXBuildFile; fileRef = FFD84E6B29A2383600B6AC21 /* Preview Assets.xcassets */; };
		FFD84E7429A2386400B6AC21 /* ComposableArchitecture in Frameworks */ = {isa = PBXBuildFile; productRef = FFD84E7329A2386400B6AC21 /* ComposableArchitecture */; };
		FFD84E7629A251F900B6AC21 /* FirstTabView.swift in Sources */ = {isa = PBXBuildFile; fileRef = FFD84E7529A251F900B6AC21 /* FirstTabView.swift */; };
		FFD84E7829A252D500B6AC21 /* InventoryView.swift in Sources */ = {isa = PBXBuildFile; fileRef = FFD84E7729A252D500B6AC21 /* InventoryView.swift */; };
		FFD84E7A29A252E100B6AC21 /* ThirdTabView.swift in Sources */ = {isa = PBXBuildFile; fileRef = FFD84E7929A252E100B6AC21 /* ThirdTabView.swift */; };
		FFD84E8229A2640C00B6AC21 /* InventoryTests.swift in Sources */ = {isa = PBXBuildFile; fileRef = FFD84E8129A2640C00B6AC21 /* InventoryTests.swift */; };
		FFD84E8929A292FA00B6AC21 /* Vanila.swift in Sources */ = {isa = PBXBuildFile; fileRef = FFD84E8829A292FA00B6AC21 /* Vanila.swift */; };
		FFD84E8B29A2932100B6AC21 /* VanilaTests.swift in Sources */ = {isa = PBXBuildFile; fileRef = FFD84E8A29A2932100B6AC21 /* VanilaTests.swift */; };
/* End PBXBuildFile section */

/* Begin PBXContainerItemProxy section */
		FFD84E8329A2640C00B6AC21 /* PBXContainerItemProxy */ = {
			isa = PBXContainerItemProxy;
			containerPortal = FFD84E5929A2383500B6AC21 /* Project object */;
			proxyType = 1;
			remoteGlobalIDString = FFD84E6029A2383500B6AC21;
			remoteInfo = Inventory;
		};
/* End PBXContainerItemProxy section */

/* Begin PBXFileReference section */
		FFD84E6129A2383500B6AC21 /* Inventory.app */ = {isa = PBXFileReference; explicitFileType = wrapper.application; includeInIndex = 0; path = Inventory.app; sourceTree = BUILT_PRODUCTS_DIR; };
		FFD84E6429A2383500B6AC21 /* InventoryApp.swift */ = {isa = PBXFileReference; lastKnownFileType = sourcecode.swift; path = InventoryApp.swift; sourceTree = "<group>"; };
		FFD84E6629A2383500B6AC21 /* ContentView.swift */ = {isa = PBXFileReference; lastKnownFileType = sourcecode.swift; path = ContentView.swift; sourceTree = "<group>"; };
		FFD84E6829A2383600B6AC21 /* Assets.xcassets */ = {isa = PBXFileReference; lastKnownFileType = folder.assetcatalog; path = Assets.xcassets; sourceTree = "<group>"; };
		FFD84E6B29A2383600B6AC21 /* Preview Assets.xcassets */ = {isa = PBXFileReference; lastKnownFileType = folder.assetcatalog; path = "Preview Assets.xcassets"; sourceTree = "<group>"; };
		FFD84E7529A251F900B6AC21 /* FirstTabView.swift */ = {isa = PBXFileReference; lastKnownFileType = sourcecode.swift; path = FirstTabView.swift; sourceTree = "<group>"; };
		FFD84E7729A252D500B6AC21 /* InventoryView.swift */ = {isa = PBXFileReference; lastKnownFileType = sourcecode.swift; path = InventoryView.swift; sourceTree = "<group>"; };
		FFD84E7929A252E100B6AC21 /* ThirdTabView.swift */ = {isa = PBXFileReference; lastKnownFileType = sourcecode.swift; path = ThirdTabView.swift; sourceTree = "<group>"; };
		FFD84E7F29A2640C00B6AC21 /* InventoryTests.xctest */ = {isa = PBXFileReference; explicitFileType = wrapper.cfbundle; includeInIndex = 0; path = InventoryTests.xctest; sourceTree = BUILT_PRODUCTS_DIR; };
		FFD84E8129A2640C00B6AC21 /* InventoryTests.swift */ = {isa = PBXFileReference; lastKnownFileType = sourcecode.swift; path = InventoryTests.swift; sourceTree = "<group>"; };
		FFD84E8829A292FA00B6AC21 /* Vanila.swift */ = {isa = PBXFileReference; lastKnownFileType = sourcecode.swift; path = Vanila.swift; sourceTree = "<group>"; };
		FFD84E8A29A2932100B6AC21 /* VanilaTests.swift */ = {isa = PBXFileReference; lastKnownFileType = sourcecode.swift; path = VanilaTests.swift; sourceTree = "<group>"; };
/* End PBXFileReference section */

/* Begin PBXFrameworksBuildPhase section */
		FFD84E5E29A2383500B6AC21 /* Frameworks */ = {
			isa = PBXFrameworksBuildPhase;
			buildActionMask = 2147483647;
			files = (
				FFD84E7429A2386400B6AC21 /* ComposableArchitecture in Frameworks */,
			);
			runOnlyForDeploymentPostprocessing = 0;
		};
		FFD84E7C29A2640C00B6AC21 /* Frameworks */ = {
			isa = PBXFrameworksBuildPhase;
			buildActionMask = 2147483647;
			files = (
			);
			runOnlyForDeploymentPostprocessing = 0;
		};
/* End PBXFrameworksBuildPhase section */

/* Begin PBXGroup section */
		FFD84E5829A2383500B6AC21 = {
			isa = PBXGroup;
			children = (
				FFD84E6329A2383500B6AC21 /* Inventory */,
				FFD84E8029A2640C00B6AC21 /* InventoryTests */,
				FFD84E6229A2383500B6AC21 /* Products */,
				FFD84E7229A2386400B6AC21 /* Frameworks */,
			);
			sourceTree = "<group>";
		};
		FFD84E6229A2383500B6AC21 /* Products */ = {
			isa = PBXGroup;
			children = (
				FFD84E6129A2383500B6AC21 /* Inventory.app */,
				FFD84E7F29A2640C00B6AC21 /* InventoryTests.xctest */,
			);
			name = Products;
			sourceTree = "<group>";
		};
		FFD84E6329A2383500B6AC21 /* Inventory */ = {
			isa = PBXGroup;
			children = (
				FFD84E6429A2383500B6AC21 /* InventoryApp.swift */,
				FFD84E6629A2383500B6AC21 /* ContentView.swift */,
				FFD84E6829A2383600B6AC21 /* Assets.xcassets */,
				FFD84E6A29A2383600B6AC21 /* Preview Content */,
				FFD84E7529A251F900B6AC21 /* FirstTabView.swift */,
				FFD84E7729A252D500B6AC21 /* InventoryView.swift */,
				FFD84E7929A252E100B6AC21 /* ThirdTabView.swift */,
				FFD84E8829A292FA00B6AC21 /* Vanila.swift */,
			);
			path = Inventory;
			sourceTree = "<group>";
		};
		FFD84E6A29A2383600B6AC21 /* Preview Content */ = {
			isa = PBXGroup;
			children = (
				FFD84E6B29A2383600B6AC21 /* Preview Assets.xcassets */,
			);
			path = "Preview Content";
			sourceTree = "<group>";
		};
		FFD84E7229A2386400B6AC21 /* Frameworks */ = {
			isa = PBXGroup;
			children = (
			);
			name = Frameworks;
			sourceTree = "<group>";
		};
		FFD84E8029A2640C00B6AC21 /* InventoryTests */ = {
			isa = PBXGroup;
			children = (
				FFD84E8129A2640C00B6AC21 /* InventoryTests.swift */,
				FFD84E8A29A2932100B6AC21 /* VanilaTests.swift */,
			);
			path = InventoryTests;
			sourceTree = "<group>";
		};
/* End PBXGroup section */

/* Begin PBXNativeTarget section */
		FFD84E6029A2383500B6AC21 /* Inventory */ = {
			isa = PBXNativeTarget;
			buildConfigurationList = FFD84E6F29A2383600B6AC21 /* Build configuration list for PBXNativeTarget "Inventory" */;
			buildPhases = (
				FFD84E5D29A2383500B6AC21 /* Sources */,
				FFD84E5E29A2383500B6AC21 /* Frameworks */,
				FFD84E5F29A2383500B6AC21 /* Resources */,
			);
			buildRules = (
			);
			dependencies = (
			);
			name = Inventory;
			packageProductDependencies = (
				FFD84E7329A2386400B6AC21 /* ComposableArchitecture */,
			);
			productName = Inventory;
			productReference = FFD84E6129A2383500B6AC21 /* Inventory.app */;
			productType = "com.apple.product-type.application";
		};
		FFD84E7E29A2640C00B6AC21 /* InventoryTests */ = {
			isa = PBXNativeTarget;
			buildConfigurationList = FFD84E8529A2640C00B6AC21 /* Build configuration list for PBXNativeTarget "InventoryTests" */;
			buildPhases = (
				FFD84E7B29A2640C00B6AC21 /* Sources */,
				FFD84E7C29A2640C00B6AC21 /* Frameworks */,
				FFD84E7D29A2640C00B6AC21 /* Resources */,
			);
			buildRules = (
			);
			dependencies = (
				FFD84E8429A2640C00B6AC21 /* PBXTargetDependency */,
			);
			name = InventoryTests;
			productName = InventoryTests;
			productReference = FFD84E7F29A2640C00B6AC21 /* InventoryTests.xctest */;
			productType = "com.apple.product-type.bundle.unit-test";
		};
/* End PBXNativeTarget section */

/* Begin PBXProject section */
		FFD84E5929A2383500B6AC21 /* Project object */ = {
			isa = PBXProject;
			attributes = {
				BuildIndependentTargetsInParallel = 1;
				LastSwiftUpdateCheck = 1420;
				LastUpgradeCheck = 1420;
				TargetAttributes = {
					FFD84E6029A2383500B6AC21 = {
						CreatedOnToolsVersion = 14.2;
					};
					FFD84E7E29A2640C00B6AC21 = {
						CreatedOnToolsVersion = 14.2;
						TestTargetID = FFD84E6029A2383500B6AC21;
					};
				};
			};
			buildConfigurationList = FFD84E5C29A2383500B6AC21 /* Build configuration list for PBXProject "Inventory" */;
			compatibilityVersion = "Xcode 14.0";
			developmentRegion = en;
			hasScannedForEncodings = 0;
			knownRegions = (
				en,
				Base,
			);
			mainGroup = FFD84E5829A2383500B6AC21;
			productRefGroup = FFD84E6229A2383500B6AC21 /* Products */;
			projectDirPath = "";
			projectRoot = "";
			targets = (
				FFD84E6029A2383500B6AC21 /* Inventory */,
				FFD84E7E29A2640C00B6AC21 /* InventoryTests */,
			);
		};
/* End PBXProject section */

/* Begin PBXResourcesBuildPhase section */
		FFD84E5F29A2383500B6AC21 /* Resources */ = {
			isa = PBXResourcesBuildPhase;
			buildActionMask = 2147483647;
			files = (
				FFD84E6C29A2383600B6AC21 /* Preview Assets.xcassets in Resources */,
				FFD84E6929A2383600B6AC21 /* Assets.xcassets in Resources */,
			);
			runOnlyForDeploymentPostprocessing = 0;
		};
		FFD84E7D29A2640C00B6AC21 /* Resources */ = {
			isa = PBXResourcesBuildPhase;
			buildActionMask = 2147483647;
			files = (
			);
			runOnlyForDeploymentPostprocessing = 0;
		};
/* End PBXResourcesBuildPhase section */

/* Begin PBXSourcesBuildPhase section */
		FFD84E5D29A2383500B6AC21 /* Sources */ = {
			isa = PBXSourcesBuildPhase;
			buildActionMask = 2147483647;
			files = (
				FFD84E7629A251F900B6AC21 /* FirstTabView.swift in Sources */,
				FFD84E7A29A252E100B6AC21 /* ThirdTabView.swift in Sources */,
				FFD84E8929A292FA00B6AC21 /* Vanila.swift in Sources */,
				FFD84E6729A2383500B6AC21 /* ContentView.swift in Sources */,
				FFD84E6529A2383500B6AC21 /* InventoryApp.swift in Sources */,
				FFD84E7829A252D500B6AC21 /* InventoryView.swift in Sources */,
			);
			runOnlyForDeploymentPostprocessing = 0;
		};
		FFD84E7B29A2640C00B6AC21 /* Sources */ = {
			isa = PBXSourcesBuildPhase;
			buildActionMask = 2147483647;
			files = (
				FFD84E8B29A2932100B6AC21 /* VanilaTests.swift in Sources */,
				FFD84E8229A2640C00B6AC21 /* InventoryTests.swift in Sources */,
			);
			runOnlyForDeploymentPostprocessing = 0;
		};
/* End PBXSourcesBuildPhase section */

/* Begin PBXTargetDependency section */
		FFD84E8429A2640C00B6AC21 /* PBXTargetDependency */ = {
			isa = PBXTargetDependency;
			target = FFD84E6029A2383500B6AC21 /* Inventory */;
			targetProxy = FFD84E8329A2640C00B6AC21 /* PBXContainerItemProxy */;
		};
/* End PBXTargetDependency section */

/* Begin XCBuildConfiguration section */
		FFD84E6D29A2383600B6AC21 /* Debug */ = {
			isa = XCBuildConfiguration;
			buildSettings = {
				ALWAYS_SEARCH_USER_PATHS = NO;
				CLANG_ANALYZER_NONNULL = YES;
				CLANG_ANALYZER_NUMBER_OBJECT_CONVERSION = YES_AGGRESSIVE;
				CLANG_CXX_LANGUAGE_STANDARD = "gnu++20";
				CLANG_ENABLE_MODULES = YES;
				CLANG_ENABLE_OBJC_ARC = YES;
				CLANG_ENABLE_OBJC_WEAK = YES;
				CLANG_WARN_BLOCK_CAPTURE_AUTORELEASING = YES;
				CLANG_WARN_BOOL_CONVERSION = YES;
				CLANG_WARN_COMMA = YES;
				CLANG_WARN_CONSTANT_CONVERSION = YES;
				CLANG_WARN_DEPRECATED_OBJC_IMPLEMENTATIONS = YES;
				CLANG_WARN_DIRECT_OBJC_ISA_USAGE = YES_ERROR;
				CLANG_WARN_DOCUMENTATION_COMMENTS = YES;
				CLANG_WARN_EMPTY_BODY = YES;
				CLANG_WARN_ENUM_CONVERSION = YES;
				CLANG_WARN_INFINITE_RECURSION = YES;
				CLANG_WARN_INT_CONVERSION = YES;
				CLANG_WARN_NON_LITERAL_NULL_CONVERSION = YES;
				CLANG_WARN_OBJC_IMPLICIT_RETAIN_SELF = YES;
				CLANG_WARN_OBJC_LITERAL_CONVERSION = YES;
				CLANG_WARN_OBJC_ROOT_CLASS = YES_ERROR;
				CLANG_WARN_QUOTED_INCLUDE_IN_FRAMEWORK_HEADER = YES;
				CLANG_WARN_RANGE_LOOP_ANALYSIS = YES;
				CLANG_WARN_STRICT_PROTOTYPES = YES;
				CLANG_WARN_SUSPICIOUS_MOVE = YES;
				CLANG_WARN_UNGUARDED_AVAILABILITY = YES_AGGRESSIVE;
				CLANG_WARN_UNREACHABLE_CODE = YES;
				CLANG_WARN__DUPLICATE_METHOD_MATCH = YES;
				COPY_PHASE_STRIP = NO;
				DEBUG_INFORMATION_FORMAT = dwarf;
				ENABLE_STRICT_OBJC_MSGSEND = YES;
				ENABLE_TESTABILITY = YES;
				GCC_C_LANGUAGE_STANDARD = gnu11;
				GCC_DYNAMIC_NO_PIC = NO;
				GCC_NO_COMMON_BLOCKS = YES;
				GCC_OPTIMIZATION_LEVEL = 0;
				GCC_PREPROCESSOR_DEFINITIONS = (
					"DEBUG=1",
					"$(inherited)",
				);
				GCC_WARN_64_TO_32_BIT_CONVERSION = YES;
				GCC_WARN_ABOUT_RETURN_TYPE = YES_ERROR;
				GCC_WARN_UNDECLARED_SELECTOR = YES;
				GCC_WARN_UNINITIALIZED_AUTOS = YES_AGGRESSIVE;
				GCC_WARN_UNUSED_FUNCTION = YES;
				GCC_WARN_UNUSED_VARIABLE = YES;
				IPHONEOS_DEPLOYMENT_TARGET = 16.2;
				MTL_ENABLE_DEBUG_INFO = INCLUDE_SOURCE;
				MTL_FAST_MATH = YES;
				ONLY_ACTIVE_ARCH = YES;
				SDKROOT = iphoneos;
				SWIFT_ACTIVE_COMPILATION_CONDITIONS = DEBUG;
				SWIFT_OPTIMIZATION_LEVEL = "-Onone";
			};
			name = Debug;
		};
		FFD84E6E29A2383600B6AC21 /* Release */ = {
			isa = XCBuildConfiguration;
			buildSettings = {
				ALWAYS_SEARCH_USER_PATHS = NO;
				CLANG_ANALYZER_NONNULL = YES;
				CLANG_ANALYZER_NUMBER_OBJECT_CONVERSION = YES_AGGRESSIVE;
				CLANG_CXX_LANGUAGE_STANDARD = "gnu++20";
				CLANG_ENABLE_MODULES = YES;
				CLANG_ENABLE_OBJC_ARC = YES;
				CLANG_ENABLE_OBJC_WEAK = YES;
				CLANG_WARN_BLOCK_CAPTURE_AUTORELEASING = YES;
				CLANG_WARN_BOOL_CONVERSION = YES;
				CLANG_WARN_COMMA = YES;
				CLANG_WARN_CONSTANT_CONVERSION = YES;
				CLANG_WARN_DEPRECATED_OBJC_IMPLEMENTATIONS = YES;
				CLANG_WARN_DIRECT_OBJC_ISA_USAGE = YES_ERROR;
				CLANG_WARN_DOCUMENTATION_COMMENTS = YES;
				CLANG_WARN_EMPTY_BODY = YES;
				CLANG_WARN_ENUM_CONVERSION = YES;
				CLANG_WARN_INFINITE_RECURSION = YES;
				CLANG_WARN_INT_CONVERSION = YES;
				CLANG_WARN_NON_LITERAL_NULL_CONVERSION = YES;
				CLANG_WARN_OBJC_IMPLICIT_RETAIN_SELF = YES;
				CLANG_WARN_OBJC_LITERAL_CONVERSION = YES;
				CLANG_WARN_OBJC_ROOT_CLASS = YES_ERROR;
				CLANG_WARN_QUOTED_INCLUDE_IN_FRAMEWORK_HEADER = YES;
				CLANG_WARN_RANGE_LOOP_ANALYSIS = YES;
				CLANG_WARN_STRICT_PROTOTYPES = YES;
				CLANG_WARN_SUSPICIOUS_MOVE = YES;
				CLANG_WARN_UNGUARDED_AVAILABILITY = YES_AGGRESSIVE;
				CLANG_WARN_UNREACHABLE_CODE = YES;
				CLANG_WARN__DUPLICATE_METHOD_MATCH = YES;
				COPY_PHASE_STRIP = NO;
				DEBUG_INFORMATION_FORMAT = "dwarf-with-dsym";
				ENABLE_NS_ASSERTIONS = NO;
				ENABLE_STRICT_OBJC_MSGSEND = YES;
				GCC_C_LANGUAGE_STANDARD = gnu11;
				GCC_NO_COMMON_BLOCKS = YES;
				GCC_WARN_64_TO_32_BIT_CONVERSION = YES;
				GCC_WARN_ABOUT_RETURN_TYPE = YES_ERROR;
				GCC_WARN_UNDECLARED_SELECTOR = YES;
				GCC_WARN_UNINITIALIZED_AUTOS = YES_AGGRESSIVE;
				GCC_WARN_UNUSED_FUNCTION = YES;
				GCC_WARN_UNUSED_VARIABLE = YES;
				IPHONEOS_DEPLOYMENT_TARGET = 16.2;
				MTL_ENABLE_DEBUG_INFO = NO;
				MTL_FAST_MATH = YES;
				SDKROOT = iphoneos;
				SWIFT_COMPILATION_MODE = wholemodule;
				SWIFT_OPTIMIZATION_LEVEL = "-O";
				VALIDATE_PRODUCT = YES;
			};
			name = Release;
		};
		FFD84E7029A2383600B6AC21 /* Debug */ = {
			isa = XCBuildConfiguration;
			buildSettings = {
				ASSETCATALOG_COMPILER_APPICON_NAME = AppIcon;
				ASSETCATALOG_COMPILER_GLOBAL_ACCENT_COLOR_NAME = AccentColor;
				CODE_SIGN_STYLE = Automatic;
				CURRENT_PROJECT_VERSION = 1;
				DEVELOPMENT_ASSET_PATHS = "\"Inventory/Preview Content\"";
				DEVELOPMENT_TEAM = 4M45SYN38G;
				ENABLE_PREVIEWS = YES;
				GENERATE_INFOPLIST_FILE = YES;
				INFOPLIST_KEY_UIApplicationSceneManifest_Generation = YES;
				INFOPLIST_KEY_UIApplicationSupportsIndirectInputEvents = YES;
				INFOPLIST_KEY_UILaunchScreen_Generation = YES;
				INFOPLIST_KEY_UISupportedInterfaceOrientations_iPad = "UIInterfaceOrientationPortrait UIInterfaceOrientationPortraitUpsideDown UIInterfaceOrientationLandscapeLeft UIInterfaceOrientationLandscapeRight";
				INFOPLIST_KEY_UISupportedInterfaceOrientations_iPhone = "UIInterfaceOrientationPortrait UIInterfaceOrientationLandscapeLeft UIInterfaceOrientationLandscapeRight";
				LD_RUNPATH_SEARCH_PATHS = (
					"$(inherited)",
					"@executable_path/Frameworks",
				);
				MARKETING_VERSION = 1.0;
				PRODUCT_BUNDLE_IDENTIFIER = com.ios.codefonsi.Inventory;
				PRODUCT_NAME = "$(TARGET_NAME)";
				SWIFT_EMIT_LOC_STRINGS = YES;
				SWIFT_VERSION = 5.0;
				TARGETED_DEVICE_FAMILY = "1,2";
			};
			name = Debug;
		};
		FFD84E7129A2383600B6AC21 /* Release */ = {
			isa = XCBuildConfiguration;
			buildSettings = {
				ASSETCATALOG_COMPILER_APPICON_NAME = AppIcon;
				ASSETCATALOG_COMPILER_GLOBAL_ACCENT_COLOR_NAME = AccentColor;
				CODE_SIGN_STYLE = Automatic;
				CURRENT_PROJECT_VERSION = 1;
				DEVELOPMENT_ASSET_PATHS = "\"Inventory/Preview Content\"";
				DEVELOPMENT_TEAM = 4M45SYN38G;
				ENABLE_PREVIEWS = YES;
				GENERATE_INFOPLIST_FILE = YES;
				INFOPLIST_KEY_UIApplicationSceneManifest_Generation = YES;
				INFOPLIST_KEY_UIApplicationSupportsIndirectInputEvents = YES;
				INFOPLIST_KEY_UILaunchScreen_Generation = YES;
				INFOPLIST_KEY_UISupportedInterfaceOrientations_iPad = "UIInterfaceOrientationPortrait UIInterfaceOrientationPortraitUpsideDown UIInterfaceOrientationLandscapeLeft UIInterfaceOrientationLandscapeRight";
				INFOPLIST_KEY_UISupportedInterfaceOrientations_iPhone = "UIInterfaceOrientationPortrait UIInterfaceOrientationLandscapeLeft UIInterfaceOrientationLandscapeRight";
				LD_RUNPATH_SEARCH_PATHS = (
					"$(inherited)",
					"@executable_path/Frameworks",
				);
				MARKETING_VERSION = 1.0;
				PRODUCT_BUNDLE_IDENTIFIER = com.ios.codefonsi.Inventory;
				PRODUCT_NAME = "$(TARGET_NAME)";
				SWIFT_EMIT_LOC_STRINGS = YES;
				SWIFT_VERSION = 5.0;
				TARGETED_DEVICE_FAMILY = "1,2";
			};
			name = Release;
		};
		FFD84E8629A2640C00B6AC21 /* Debug */ = {
			isa = XCBuildConfiguration;
			buildSettings = {
				BUNDLE_LOADER = "$(TEST_HOST)";
				CODE_SIGN_STYLE = Automatic;
				CURRENT_PROJECT_VERSION = 1;
				DEVELOPMENT_TEAM = 4M45SYN38G;
				GENERATE_INFOPLIST_FILE = YES;
				MARKETING_VERSION = 1.0;
				PRODUCT_BUNDLE_IDENTIFIER = com.ios.codefonsi.InventoryTests;
				PRODUCT_NAME = "$(TARGET_NAME)";
				SWIFT_EMIT_LOC_STRINGS = NO;
				SWIFT_VERSION = 5.0;
				TARGETED_DEVICE_FAMILY = "1,2";
				TEST_HOST = "$(BUILT_PRODUCTS_DIR)/Inventory.app/$(BUNDLE_EXECUTABLE_FOLDER_PATH)/Inventory";
			};
			name = Debug;
		};
		FFD84E8729A2640C00B6AC21 /* Release */ = {
			isa = XCBuildConfiguration;
			buildSettings = {
				BUNDLE_LOADER = "$(TEST_HOST)";
				CODE_SIGN_STYLE = Automatic;
				CURRENT_PROJECT_VERSION = 1;
				DEVELOPMENT_TEAM = 4M45SYN38G;
				GENERATE_INFOPLIST_FILE = YES;
				MARKETING_VERSION = 1.0;
				PRODUCT_BUNDLE_IDENTIFIER = com.ios.codefonsi.InventoryTests;
				PRODUCT_NAME = "$(TARGET_NAME)";
				SWIFT_EMIT_LOC_STRINGS = NO;
				SWIFT_VERSION = 5.0;
				TARGETED_DEVICE_FAMILY = "1,2";
				TEST_HOST = "$(BUILT_PRODUCTS_DIR)/Inventory.app/$(BUNDLE_EXECUTABLE_FOLDER_PATH)/Inventory";
			};
			name = Release;
		};
/* End XCBuildConfiguration section */

/* Begin XCConfigurationList section */
		FFD84E5C29A2383500B6AC21 /* Build configuration list for PBXProject "Inventory" */ = {
			isa = XCConfigurationList;
			buildConfigurations = (
				FFD84E6D29A2383600B6AC21 /* Debug */,
				FFD84E6E29A2383600B6AC21 /* Release */,
			);
			defaultConfigurationIsVisible = 0;
			defaultConfigurationName = Release;
		};
		FFD84E6F29A2383600B6AC21 /* Build configuration list for PBXNativeTarget "Inventory" */ = {
			isa = XCConfigurationList;
			buildConfigurations = (
				FFD84E7029A2383600B6AC21 /* Debug */,
				FFD84E7129A2383600B6AC21 /* Release */,
			);
			defaultConfigurationIsVisible = 0;
			defaultConfigurationName = Release;
		};
		FFD84E8529A2640C00B6AC21 /* Build configuration list for PBXNativeTarget "InventoryTests" */ = {
			isa = XCConfigurationList;
			buildConfigurations = (
				FFD84E8629A2640C00B6AC21 /* Debug */,
				FFD84E8729A2640C00B6AC21 /* Release */,
			);
			defaultConfigurationIsVisible = 0;
			defaultConfigurationName = Release;
		};
/* End XCConfigurationList section */

/* Begin XCSwiftPackageProductDependency section */
		FFD84E7329A2386400B6AC21 /* ComposableArchitecture */ = {
			isa = XCSwiftPackageProductDependency;
			productName = ComposableArchitecture;
		};
/* End XCSwiftPackageProductDependency section */
	};
	rootObject = FFD84E5929A2383500B6AC21 /* Project object */;
}
